
Microsoft Visual Studio Solution File, Format Version 11.00
# Visual Studio 2010
Project("{FAE04EC0-301F-11D3-BF4B-00C04F79EFBC}") = "KARO_AFDD", "KARO_AFDD\KARO_AFDD.csproj", "{0C281DFD-5A9F-4D7E-B0BA-258408E16FB7}"
EndProject
Project("{FAE04EC0-301F-11D3-BF4B-00C04F79EFBC}") = "AFDD", "CKM55LC_M\AFDD.csproj", "{8996CDC5-462A-41CE-B117-DC17A726BF0C}"
EndProject
Project("{FAE04EC0-301F-11D3-BF4B-00C04F79EFBC}") = "LinesDevicesManager", "LinesDevicesManager\LinesDevicesManager.csproj", "{D40EAF49-AB49-48F6-9B12-B3D0C9A0E2A0}"
EndProject
Global
	GlobalSection(SolutionConfigurationPlatforms) = preSolution
		Debug|Any CPU = Debug|Any CPU
		Debug|Mixed Platforms = Debug|Mixed Platforms
		Debug|x86 = Debug|x86
		Release|Any CPU = Release|Any CPU
		Release|Mixed Platforms = Release|Mixed Platforms
		Release|x86 = Release|x86
	EndGlobalSection
	GlobalSection(ProjectConfigurationPlatforms) = postSolution
		{0C281DFD-5A9F-4D7E-B0BA-258408E16FB7}.Debug|Any CPU.ActiveCfg = Debug|x86
		{0C281DFD-5A9F-4D7E-B0BA-258408E16FB7}.Debug|Mixed Platforms.ActiveCfg = Debug|x86
		{0C281DFD-5A9F-4D7E-B0BA-258408E16FB7}.Debug|Mixed Platforms.Build.0 = Debug|x86
		{0C281DFD-5A9F-4D7E-B0BA-258408E16FB7}.Debug|x86.ActiveCfg = Debug|x86
		{0C281DFD-5A9F-4D7E-B0BA-258408E16FB7}.Debug|x86.Build.0 = Debug|x86
		{0C281DFD-5A9F-4D7E-B0BA-258408E16FB7}.Release|Any CPU.ActiveCfg = Release|x86
		{0C281DFD-5A9F-4D7E-B0BA-258408E16FB7}.Release|Mixed Platforms.ActiveCfg = Release|x86
		{0C281DFD-5A9F-4D7E-B0BA-258408E16FB7}.Release|Mixed Platforms.Build.0 = Release|x86
		{0C281DFD-5A9F-4D7E-B0BA-258408E16FB7}.Release|x86.ActiveCfg = Release|x86
		{0C281DFD-5A9F-4D7E-B0BA-258408E16FB7}.Release|x86.Build.0 = Release|x86
		{8996CDC5-462A-41CE-B117-DC17A726BF0C}.Debug|Any CPU.ActiveCfg = Debug|Any CPU
		{8996CDC5-462A-41CE-B117-DC17A726BF0C}.Debug|Any CPU.Build.0 = Debug|Any CPU
		{8996CDC5-462A-41CE-B117-DC17A726BF0C}.Debug|Mixed Platforms.ActiveCfg = Debug|Any CPU
		{8996CDC5-462A-41CE-B117-DC17A726BF0C}.Debug|Mixed Platforms.Build.0 = Debug|Any CPU
		{8996CDC5-462A-41CE-B117-DC17A726BF0C}.Debug|x86.ActiveCfg = Debug|Any CPU
		{8996CDC5-462A-41CE-B117-DC17A726BF0C}.Release|Any CPU.ActiveCfg = Release|Any CPU
		{8996CDC5-462A-41CE-B117-DC17A726BF0C}.Release|Any CPU.Build.0 = Release|Any CPU
		{8996CDC5-462A-41CE-B117-DC17A726BF0C}.Release|Mixed Platforms.ActiveCfg = Release|Any CPU
		{8996CDC5-462A-41CE-B117-DC17A726BF0C}.Release|Mixed Platforms.Build.0 = Release|Any CPU
		{8996CDC5-462A-41CE-B117-DC17A726BF0C}.Release|x86.ActiveCfg = Release|Any CPU
		{D40EAF49-AB49-48F6-9B12-B3D0C9A0E2A0}.Debug|Any CPU.ActiveCfg = Debug|Any CPU
		{D40EAF49-AB49-48F6-9B12-B3D0C9A0E2A0}.Debug|Any CPU.Build.0 = Debug|Any CPU
		{D40EAF49-AB49-48F6-9B12-B3D0C9A0E2A0}.Debug|Mixed Platforms.ActiveCfg = Debug|Any CPU
		{D40EAF49-AB49-48F6-9B12-B3D0C9A0E2A0}.Debug|Mixed Platforms.Build.0 = Debug|Any CPU
		{D40EAF49-AB49-48F6-9B12-B3D0C9A0E2A0}.Debug|x86.ActiveCfg = Debug|Any CPU
		{D40EAF49-AB49-48F6-9B12-B3D0C9A0E2A0}.Release|Any CPU.ActiveCfg = Release|Any CPU
		{D40EAF49-AB49-48F6-9B12-B3D0C9A0E2A0}.Release|Any CPU.Build.0 = Release|Any CPU
		{D40EAF49-AB49-48F6-9B12-B3D0C9A0E2A0}.Release|Mixed Platforms.ActiveCfg = Release|Any CPU
		{D40EAF49-AB49-48F6-9B12-B3D0C9A0E2A0}.Release|Mixed Platforms.Build.0 = Release|Any CPU
		{D40EAF49-AB49-48F6-9B12-B3D0C9A0E2A0}.Release|x86.ActiveCfg = Release|Any CPU
	EndGlobalSection
	GlobalSection(SolutionProperties) = preSolution
		HideSolutionNode = FALSE
	EndGlobalSection
EndGlobal
